// !$*UTF8*$!
{
	archiveVersion = 1;
	classes = {
	};
	objectVersion = 56;
	objects = {

/* Begin PBXBuildFile section */
		63DB33122B0BB3EE00432F72 /* AppDelegate.swift in Sources */ = {isa = PBXBuildFile; fileRef = 63DB33112B0BB3EE00432F72 /* AppDelegate.swift */; };
		63DB33142B0BB3EE00432F72 /* SceneDelegate.swift in Sources */ = {isa = PBXBuildFile; fileRef = 63DB33132B0BB3EE00432F72 /* SceneDelegate.swift */; };
		63DB33192B0BB3EE00432F72 /* Main.storyboard in Resources */ = {isa = PBXBuildFile; fileRef = 63DB33172B0BB3EE00432F72 /* Main.storyboard */; };
		63DB331B2B0BB3F000432F72 /* Assets.xcassets in Resources */ = {isa = PBXBuildFile; fileRef = 63DB331A2B0BB3F000432F72 /* Assets.xcassets */; };
		63DB331E2B0BB3F000432F72 /* LaunchScreen.storyboard in Resources */ = {isa = PBXBuildFile; fileRef = 63DB331C2B0BB3F000432F72 /* LaunchScreen.storyboard */; };
		63DB33262B0BC3DC00432F72 /* HomeScreenViewController.swift in Sources */ = {isa = PBXBuildFile; fileRef = 63DB33252B0BC3DC00432F72 /* HomeScreenViewController.swift */; };
		63DB33292B0C495300432F72 /* CollectionViewCell.swift in Sources */ = {isa = PBXBuildFile; fileRef = 63DB33272B0C495300432F72 /* CollectionViewCell.swift */; };
		63DB332A2B0C495300432F72 /* CollectionViewCell.xib in Resources */ = {isa = PBXBuildFile; fileRef = 63DB33282B0C495300432F72 /* CollectionViewCell.xib */; };
		63DB332D2B0C643200432F72 /* NewsCategoryButtonCell.swift in Sources */ = {isa = PBXBuildFile; fileRef = 63DB332B2B0C643200432F72 /* NewsCategoryButtonCell.swift */; };
		63DB332E2B0C643200432F72 /* NewsCategoryButtonCell.xib in Resources */ = {isa = PBXBuildFile; fileRef = 63DB332C2B0C643200432F72 /* NewsCategoryButtonCell.xib */; };
		63DB33302B0CDB6E00432F72 /* NewsObjectModel.swift in Sources */ = {isa = PBXBuildFile; fileRef = 63DB332F2B0CDB6E00432F72 /* NewsObjectModel.swift */; };
		63DB33322B0CDD0800432F72 /* NetworkService.swift in Sources */ = {isa = PBXBuildFile; fileRef = 63DB33312B0CDD0800432F72 /* NetworkService.swift */; };
		63DB33342B0CDE7900432F72 /* APIError.swift in Sources */ = {isa = PBXBuildFile; fileRef = 63DB33332B0CDE7900432F72 /* APIError.swift */; };
		63DB333E2B0CF38300432F72 /* NewsCardTableViewCell.swift in Sources */ = {isa = PBXBuildFile; fileRef = 63DB333C2B0CF38300432F72 /* NewsCardTableViewCell.swift */; };
		63DB333F2B0CF38300432F72 /* NewsCardTableViewCell.xib in Resources */ = {isa = PBXBuildFile; fileRef = 63DB333D2B0CF38300432F72 /* NewsCardTableViewCell.xib */; };
		63DB33422B0D95EE00432F72 /* NewsListScreenViewController.swift in Sources */ = {isa = PBXBuildFile; fileRef = 63DB33412B0D95EE00432F72 /* NewsListScreenViewController.swift */; };
		63DB33462B0DA23700432F72 /* SearchScreenViewController.swift in Sources */ = {isa = PBXBuildFile; fileRef = 63DB33452B0DA23700432F72 /* SearchScreenViewController.swift */; };
		63DB334B2B0DC5D100432F72 /* NewsDetailViewController.swift in Sources */ = {isa = PBXBuildFile; fileRef = 63DB334A2B0DC5D100432F72 /* NewsDetailViewController.swift */; };
		63DB334E2B0DE36800432F72 /* Authentication.storyboard in Resources */ = {isa = PBXBuildFile; fileRef = 63DB334D2B0DE36800432F72 /* Authentication.storyboard */; };
		63DB33522B0DF15D00432F72 /* LoginViewController.swift in Sources */ = {isa = PBXBuildFile; fileRef = 63DB33512B0DF15D00432F72 /* LoginViewController.swift */; };
		63DB33542B0DF18D00432F72 /* RegisterUserViewController.swift in Sources */ = {isa = PBXBuildFile; fileRef = 63DB33532B0DF18D00432F72 /* RegisterUserViewController.swift */; };
		63DB33562B0E0D0300432F72 /* UserDefaultService.swift in Sources */ = {isa = PBXBuildFile; fileRef = 63DB33552B0E0D0300432F72 /* UserDefaultService.swift */; };
		63DB33582B0E400B00432F72 /* AuthenticationService.swift in Sources */ = {isa = PBXBuildFile; fileRef = 63DB33572B0E400B00432F72 /* AuthenticationService.swift */; };
		63DB335A2B0E538200432F72 /* NewsAPIService.swift in Sources */ = {isa = PBXBuildFile; fileRef = 63DB33592B0E538200432F72 /* NewsAPIService.swift */; };
		63DB335C2B0E55D200432F72 /* QueryRequestModel.swift in Sources */ = {isa = PBXBuildFile; fileRef = 63DB335B2B0E55D200432F72 /* QueryRequestModel.swift */; };
		63DB335E2B0E56BE00432F72 /* NewsCategory.swift in Sources */ = {isa = PBXBuildFile; fileRef = 63DB335D2B0E56BE00432F72 /* NewsCategory.swift */; };
		63DB33602B0E61CA00432F72 /* APIEndpoints.swift in Sources */ = {isa = PBXBuildFile; fileRef = 63DB335F2B0E61CA00432F72 /* APIEndpoints.swift */; };
		63DB33622B0E6CC800432F72 /* APIResource.swift in Sources */ = {isa = PBXBuildFile; fileRef = 63DB33612B0E6CC800432F72 /* APIResource.swift */; };
		63DB33662B0F894C00432F72 /* TabBarView.swift in Sources */ = {isa = PBXBuildFile; fileRef = 63DB33652B0F894C00432F72 /* TabBarView.swift */; };
		63DB336B2B0FBD0700432F72 /* ProfileScreenViewController.swift in Sources */ = {isa = PBXBuildFile; fileRef = 63DB336A2B0FBD0700432F72 /* ProfileScreenViewController.swift */; };
		63DB336D2B0FBDFA00432F72 /* CountryList.swift in Sources */ = {isa = PBXBuildFile; fileRef = 63DB336C2B0FBDFA00432F72 /* CountryList.swift */; };
		63DB336F2B0FC03500432F72 /* LanguageList.swift in Sources */ = {isa = PBXBuildFile; fileRef = 63DB336E2B0FC03500432F72 /* LanguageList.swift */; };
		63DB33722B105FA400432F72 /* LoadingViewCell.swift in Sources */ = {isa = PBXBuildFile; fileRef = 63DB33702B105FA400432F72 /* LoadingViewCell.swift */; };
		63DB33732B105FA400432F72 /* LoadingViewCell.xib in Resources */ = {isa = PBXBuildFile; fileRef = 63DB33712B105FA400432F72 /* LoadingViewCell.xib */; };
/* End PBXBuildFile section */

/* Begin PBXFileReference section */
		63DB330E2B0BB3EE00432F72 /* Caploitte-iOS-assignment.app */ = {isa = PBXFileReference; explicitFileType = wrapper.application; includeInIndex = 0; path = "Caploitte-iOS-assignment.app"; sourceTree = BUILT_PRODUCTS_DIR; };
		63DB33112B0BB3EE00432F72 /* AppDelegate.swift */ = {isa = PBXFileReference; lastKnownFileType = sourcecode.swift; path = AppDelegate.swift; sourceTree = "<group>"; };
		63DB33132B0BB3EE00432F72 /* SceneDelegate.swift */ = {isa = PBXFileReference; lastKnownFileType = sourcecode.swift; path = SceneDelegate.swift; sourceTree = "<group>"; };
		63DB33182B0BB3EE00432F72 /* Base */ = {isa = PBXFileReference; lastKnownFileType = file.storyboard; name = Base; path = Base.lproj/Main.storyboard; sourceTree = "<group>"; };
		63DB331A2B0BB3F000432F72 /* Assets.xcassets */ = {isa = PBXFileReference; lastKnownFileType = folder.assetcatalog; path = Assets.xcassets; sourceTree = "<group>"; };
		63DB331D2B0BB3F000432F72 /* Base */ = {isa = PBXFileReference; lastKnownFileType = file.storyboard; name = Base; path = Base.lproj/LaunchScreen.storyboard; sourceTree = "<group>"; };
		63DB331F2B0BB3F000432F72 /* Info.plist */ = {isa = PBXFileReference; lastKnownFileType = text.plist.xml; path = Info.plist; sourceTree = "<group>"; };
		63DB33252B0BC3DC00432F72 /* HomeScreenViewController.swift */ = {isa = PBXFileReference; lastKnownFileType = sourcecode.swift; path = HomeScreenViewController.swift; sourceTree = "<group>"; };
		63DB33272B0C495300432F72 /* CollectionViewCell.swift */ = {isa = PBXFileReference; lastKnownFileType = sourcecode.swift; path = CollectionViewCell.swift; sourceTree = "<group>"; };
		63DB33282B0C495300432F72 /* CollectionViewCell.xib */ = {isa = PBXFileReference; lastKnownFileType = file.xib; path = CollectionViewCell.xib; sourceTree = "<group>"; };
		63DB332B2B0C643200432F72 /* NewsCategoryButtonCell.swift */ = {isa = PBXFileReference; lastKnownFileType = sourcecode.swift; path = NewsCategoryButtonCell.swift; sourceTree = "<group>"; };
		63DB332C2B0C643200432F72 /* NewsCategoryButtonCell.xib */ = {isa = PBXFileReference; lastKnownFileType = file.xib; path = NewsCategoryButtonCell.xib; sourceTree = "<group>"; };
		63DB332F2B0CDB6E00432F72 /* NewsObjectModel.swift */ = {isa = PBXFileReference; lastKnownFileType = sourcecode.swift; path = NewsObjectModel.swift; sourceTree = "<group>"; };
		63DB33312B0CDD0800432F72 /* NetworkService.swift */ = {isa = PBXFileReference; lastKnownFileType = sourcecode.swift; path = NetworkService.swift; sourceTree = "<group>"; };
		63DB33332B0CDE7900432F72 /* APIError.swift */ = {isa = PBXFileReference; lastKnownFileType = sourcecode.swift; path = APIError.swift; sourceTree = "<group>"; };
		63DB333C2B0CF38300432F72 /* NewsCardTableViewCell.swift */ = {isa = PBXFileReference; lastKnownFileType = sourcecode.swift; name = NewsCardTableViewCell.swift; path = "Caploitte-iOS-assignment/common/views/NewsCardTableViewCell.swift"; sourceTree = SOURCE_ROOT; };
		63DB333D2B0CF38300432F72 /* NewsCardTableViewCell.xib */ = {isa = PBXFileReference; lastKnownFileType = file.xib; name = NewsCardTableViewCell.xib; path = "Caploitte-iOS-assignment/common/views/NewsCardTableViewCell.xib"; sourceTree = SOURCE_ROOT; };
		63DB33412B0D95EE00432F72 /* NewsListScreenViewController.swift */ = {isa = PBXFileReference; lastKnownFileType = sourcecode.swift; path = NewsListScreenViewController.swift; sourceTree = "<group>"; };
		63DB33452B0DA23700432F72 /* SearchScreenViewController.swift */ = {isa = PBXFileReference; lastKnownFileType = sourcecode.swift; path = SearchScreenViewController.swift; sourceTree = "<group>"; };
		63DB334A2B0DC5D100432F72 /* NewsDetailViewController.swift */ = {isa = PBXFileReference; lastKnownFileType = sourcecode.swift; path = NewsDetailViewController.swift; sourceTree = "<group>"; };
		63DB334D2B0DE36800432F72 /* Authentication.storyboard */ = {isa = PBXFileReference; lastKnownFileType = file.storyboard; path = Authentication.storyboard; sourceTree = "<group>"; };
		63DB33512B0DF15D00432F72 /* LoginViewController.swift */ = {isa = PBXFileReference; lastKnownFileType = sourcecode.swift; path = LoginViewController.swift; sourceTree = "<group>"; };
		63DB33532B0DF18D00432F72 /* RegisterUserViewController.swift */ = {isa = PBXFileReference; lastKnownFileType = sourcecode.swift; path = RegisterUserViewController.swift; sourceTree = "<group>"; };
		63DB33552B0E0D0300432F72 /* UserDefaultService.swift */ = {isa = PBXFileReference; lastKnownFileType = sourcecode.swift; name = UserDefaultService.swift; path = "Caploitte-iOS-assignment/services/UserDefaultService.swift"; sourceTree = SOURCE_ROOT; };
		63DB33572B0E400B00432F72 /* AuthenticationService.swift */ = {isa = PBXFileReference; lastKnownFileType = sourcecode.swift; path = AuthenticationService.swift; sourceTree = "<group>"; };
		63DB33592B0E538200432F72 /* NewsAPIService.swift */ = {isa = PBXFileReference; lastKnownFileType = sourcecode.swift; path = NewsAPIService.swift; sourceTree = "<group>"; };
		63DB335B2B0E55D200432F72 /* QueryRequestModel.swift */ = {isa = PBXFileReference; lastKnownFileType = sourcecode.swift; path = QueryRequestModel.swift; sourceTree = "<group>"; };
		63DB335D2B0E56BE00432F72 /* NewsCategory.swift */ = {isa = PBXFileReference; lastKnownFileType = sourcecode.swift; path = NewsCategory.swift; sourceTree = "<group>"; };
		63DB335F2B0E61CA00432F72 /* APIEndpoints.swift */ = {isa = PBXFileReference; lastKnownFileType = sourcecode.swift; path = APIEndpoints.swift; sourceTree = "<group>"; };
		63DB33612B0E6CC800432F72 /* APIResource.swift */ = {isa = PBXFileReference; lastKnownFileType = sourcecode.swift; path = APIResource.swift; sourceTree = "<group>"; };
		63DB33652B0F894C00432F72 /* TabBarView.swift */ = {isa = PBXFileReference; lastKnownFileType = sourcecode.swift; path = TabBarView.swift; sourceTree = "<group>"; };
		63DB336A2B0FBD0700432F72 /* ProfileScreenViewController.swift */ = {isa = PBXFileReference; lastKnownFileType = sourcecode.swift; path = ProfileScreenViewController.swift; sourceTree = "<group>"; };
		63DB336C2B0FBDFA00432F72 /* CountryList.swift */ = {isa = PBXFileReference; lastKnownFileType = sourcecode.swift; path = CountryList.swift; sourceTree = "<group>"; };
		63DB336E2B0FC03500432F72 /* LanguageList.swift */ = {isa = PBXFileReference; lastKnownFileType = sourcecode.swift; path = LanguageList.swift; sourceTree = "<group>"; };
		63DB33702B105FA400432F72 /* LoadingViewCell.swift */ = {isa = PBXFileReference; lastKnownFileType = sourcecode.swift; path = LoadingViewCell.swift; sourceTree = "<group>"; };
		63DB33712B105FA400432F72 /* LoadingViewCell.xib */ = {isa = PBXFileReference; lastKnownFileType = file.xib; path = LoadingViewCell.xib; sourceTree = "<group>"; };
/* End PBXFileReference section */

/* Begin PBXFrameworksBuildPhase section */
		63DB330B2B0BB3EE00432F72 /* Frameworks */ = {
			isa = PBXFrameworksBuildPhase;
			buildActionMask = 2147483647;
			files = (
			);
			runOnlyForDeploymentPostprocessing = 0;
		};
/* End PBXFrameworksBuildPhase section */

/* Begin PBXGroup section */
		63DB33052B0BB3EE00432F72 = {
			isa = PBXGroup;
			children = (
				63DB33102B0BB3EE00432F72 /* Caploitte-iOS-assignment */,
				63DB330F2B0BB3EE00432F72 /* Products */,
			);
			sourceTree = "<group>";
		};
		63DB330F2B0BB3EE00432F72 /* Products */ = {
			isa = PBXGroup;
			children = (
				63DB330E2B0BB3EE00432F72 /* Caploitte-iOS-assignment.app */,
			);
			name = Products;
			sourceTree = "<group>";
		};
		63DB33102B0BB3EE00432F72 /* Caploitte-iOS-assignment */ = {
			isa = PBXGroup;
			children = (
				63DB33382B0CEFC700432F72 /* common */,
				63DB33352B0CEF5000432F72 /* screens */,
				63DB33632B0F6ED000432F72 /* services */,
				63DB33642B0F6EFA00432F72 /* utils */,
				63DB33112B0BB3EE00432F72 /* AppDelegate.swift */,
				63DB33132B0BB3EE00432F72 /* SceneDelegate.swift */,
				63DB335D2B0E56BE00432F72 /* NewsCategory.swift */,
				63DB331A2B0BB3F000432F72 /* Assets.xcassets */,
				63DB331F2B0BB3F000432F72 /* Info.plist */,
			);
			path = "Caploitte-iOS-assignment";
			sourceTree = "<group>";
		};
		63DB33352B0CEF5000432F72 /* screens */ = {
			isa = PBXGroup;
			children = (
				63DB334C2B0DE34100432F72 /* Authentication */,
				63DB33362B0CEF5900432F72 /* homeScreen */,
				63DB33402B0D95B500432F72 /* newListScreen */,
				63DB33442B0DA20E00432F72 /* searchScreen */,
				63DB33472B0DBACF00432F72 /* newsDetailScreen */,
				63DB33692B0FBCCD00432F72 /* Profile */,
			);
			path = screens;
			sourceTree = "<group>";
		};
		63DB33362B0CEF5900432F72 /* homeScreen */ = {
			isa = PBXGroup;
			children = (
				63DB333B2B0CF04000432F72 /* controller */,
				63DB333A2B0CF03200432F72 /* views */,
			);
			path = homeScreen;
			sourceTree = "<group>";
		};
		63DB33372B0CEFA700432F72 /* Models */ = {
			isa = PBXGroup;
			children = (
				63DB332F2B0CDB6E00432F72 /* NewsObjectModel.swift */,
				63DB335B2B0E55D200432F72 /* QueryRequestModel.swift */,
				63DB33612B0E6CC800432F72 /* APIResource.swift */,
			);
			path = Models;
			sourceTree = "<group>";
		};
		63DB33382B0CEFC700432F72 /* common */ = {
			isa = PBXGroup;
			children = (
				63DB33372B0CEFA700432F72 /* Models */,
				63DB33392B0CEFD200432F72 /* views */,
			);
			path = common;
			sourceTree = "<group>";
		};
		63DB33392B0CEFD200432F72 /* views */ = {
			isa = PBXGroup;
			children = (
				63DB33172B0BB3EE00432F72 /* Main.storyboard */,
				63DB331C2B0BB3F000432F72 /* LaunchScreen.storyboard */,
				63DB333C2B0CF38300432F72 /* NewsCardTableViewCell.swift */,
				63DB333D2B0CF38300432F72 /* NewsCardTableViewCell.xib */,
				63DB332B2B0C643200432F72 /* NewsCategoryButtonCell.swift */,
				63DB332C2B0C643200432F72 /* NewsCategoryButtonCell.xib */,
				63DB33702B105FA400432F72 /* LoadingViewCell.swift */,
				63DB33712B105FA400432F72 /* LoadingViewCell.xib */,
			);
			path = views;
			sourceTree = "<group>";
		};
		63DB333A2B0CF03200432F72 /* views */ = {
			isa = PBXGroup;
			children = (
				63DB33272B0C495300432F72 /* CollectionViewCell.swift */,
				63DB33282B0C495300432F72 /* CollectionViewCell.xib */,
				63DB33652B0F894C00432F72 /* TabBarView.swift */,
			);
			path = views;
			sourceTree = "<group>";
		};
		63DB333B2B0CF04000432F72 /* controller */ = {
			isa = PBXGroup;
			children = (
				63DB33252B0BC3DC00432F72 /* HomeScreenViewController.swift */,
			);
			path = controller;
			sourceTree = "<group>";
		};
		63DB33402B0D95B500432F72 /* newListScreen */ = {
			isa = PBXGroup;
			children = (
				63DB33432B0DA09D00432F72 /* controller */,
			);
			path = newListScreen;
			sourceTree = "<group>";
		};
		63DB33432B0DA09D00432F72 /* controller */ = {
			isa = PBXGroup;
			children = (
				63DB33412B0D95EE00432F72 /* NewsListScreenViewController.swift */,
			);
			path = controller;
			sourceTree = "<group>";
		};
		63DB33442B0DA20E00432F72 /* searchScreen */ = {
			isa = PBXGroup;
			children = (
				63DB33482B0DC5AA00432F72 /* controller */,
			);
			path = searchScreen;
			sourceTree = "<group>";
		};
		63DB33472B0DBACF00432F72 /* newsDetailScreen */ = {
			isa = PBXGroup;
			children = (
				63DB33492B0DC5B900432F72 /* controller */,
			);
			path = newsDetailScreen;
			sourceTree = "<group>";
		};
		63DB33482B0DC5AA00432F72 /* controller */ = {
			isa = PBXGroup;
			children = (
				63DB33452B0DA23700432F72 /* SearchScreenViewController.swift */,
			);
			path = controller;
			sourceTree = "<group>";
		};
		63DB33492B0DC5B900432F72 /* controller */ = {
			isa = PBXGroup;
			children = (
				63DB334A2B0DC5D100432F72 /* NewsDetailViewController.swift */,
			);
			path = controller;
			sourceTree = "<group>";
		};
		63DB334C2B0DE34100432F72 /* Authentication */ = {
			isa = PBXGroup;
			children = (
				63DB334F2B0DE36D00432F72 /* views */,
				63DB33502B0DF13A00432F72 /* controller */,
			);
			path = Authentication;
			sourceTree = "<group>";
		};
		63DB334F2B0DE36D00432F72 /* views */ = {
			isa = PBXGroup;
			children = (
				63DB334D2B0DE36800432F72 /* Authentication.storyboard */,
			);
			path = views;
			sourceTree = "<group>";
		};
		63DB33502B0DF13A00432F72 /* controller */ = {
			isa = PBXGroup;
			children = (
				63DB33512B0DF15D00432F72 /* LoginViewController.swift */,
				63DB33532B0DF18D00432F72 /* RegisterUserViewController.swift */,
			);
			path = controller;
			sourceTree = "<group>";
		};
		63DB33632B0F6ED000432F72 /* services */ = {
			isa = PBXGroup;
			children = (
				63DB33312B0CDD0800432F72 /* NetworkService.swift */,
				63DB33592B0E538200432F72 /* NewsAPIService.swift */,
				63DB33552B0E0D0300432F72 /* UserDefaultService.swift */,
				63DB33572B0E400B00432F72 /* AuthenticationService.swift */,
			);
			path = services;
			sourceTree = "<group>";
		};
		63DB33642B0F6EFA00432F72 /* utils */ = {
			isa = PBXGroup;
			children = (
				63DB335F2B0E61CA00432F72 /* APIEndpoints.swift */,
				63DB33332B0CDE7900432F72 /* APIError.swift */,
				63DB336C2B0FBDFA00432F72 /* CountryList.swift */,
				63DB336E2B0FC03500432F72 /* LanguageList.swift */,
			);
			path = utils;
			sourceTree = "<group>";
		};
		63DB33692B0FBCCD00432F72 /* Profile */ = {
			isa = PBXGroup;
			children = (
				63DB336A2B0FBD0700432F72 /* ProfileScreenViewController.swift */,
			);
			path = Profile;
			sourceTree = "<group>";
		};
/* End PBXGroup section */

/* Begin PBXNativeTarget section */
		63DB330D2B0BB3EE00432F72 /* Caploitte-iOS-assignment */ = {
			isa = PBXNativeTarget;
			buildConfigurationList = 63DB33222B0BB3F000432F72 /* Build configuration list for PBXNativeTarget "Caploitte-iOS-assignment" */;
			buildPhases = (
				63DB330A2B0BB3EE00432F72 /* Sources */,
				63DB330B2B0BB3EE00432F72 /* Frameworks */,
				63DB330C2B0BB3EE00432F72 /* Resources */,
			);
			buildRules = (
			);
			dependencies = (
			);
			name = "Caploitte-iOS-assignment";
			productName = "Caploitte-iOS-assignment";
			productReference = 63DB330E2B0BB3EE00432F72 /* Caploitte-iOS-assignment.app */;
			productType = "com.apple.product-type.application";
		};
/* End PBXNativeTarget section */

/* Begin PBXProject section */
		63DB33062B0BB3EE00432F72 /* Project object */ = {
			isa = PBXProject;
			attributes = {
				BuildIndependentTargetsInParallel = 1;
				LastSwiftUpdateCheck = 1420;
				LastUpgradeCheck = 1420;
				TargetAttributes = {
					63DB330D2B0BB3EE00432F72 = {
						CreatedOnToolsVersion = 14.2;
					};
				};
			};
			buildConfigurationList = 63DB33092B0BB3EE00432F72 /* Build configuration list for PBXProject "Caploitte-iOS-assignment" */;
			compatibilityVersion = "Xcode 14.0";
			developmentRegion = en;
			hasScannedForEncodings = 0;
			knownRegions = (
				en,
				Base,
			);
			mainGroup = 63DB33052B0BB3EE00432F72;
			productRefGroup = 63DB330F2B0BB3EE00432F72 /* Products */;
			projectDirPath = "";
			projectRoot = "";
			targets = (
				63DB330D2B0BB3EE00432F72 /* Caploitte-iOS-assignment */,
			);
		};
/* End PBXProject section */

/* Begin PBXResourcesBuildPhase section */
		63DB330C2B0BB3EE00432F72 /* Resources */ = {
			isa = PBXResourcesBuildPhase;
			buildActionMask = 2147483647;
			files = (
				63DB332E2B0C643200432F72 /* NewsCategoryButtonCell.xib in Resources */,
				63DB334E2B0DE36800432F72 /* Authentication.storyboard in Resources */,
				63DB331E2B0BB3F000432F72 /* LaunchScreen.storyboard in Resources */,
				63DB333F2B0CF38300432F72 /* NewsCardTableViewCell.xib in Resources */,
				63DB331B2B0BB3F000432F72 /* Assets.xcassets in Resources */,
				63DB33732B105FA400432F72 /* LoadingViewCell.xib in Resources */,
				63DB332A2B0C495300432F72 /* CollectionViewCell.xib in Resources */,
				63DB33192B0BB3EE00432F72 /* Main.storyboard in Resources */,
			);
			runOnlyForDeploymentPostprocessing = 0;
		};
/* End PBXResourcesBuildPhase section */

/* Begin PBXSourcesBuildPhase section */
		63DB330A2B0BB3EE00432F72 /* Sources */ = {
			isa = PBXSourcesBuildPhase;
			buildActionMask = 2147483647;
			files = (
				63DB33602B0E61CA00432F72 /* APIEndpoints.swift in Sources */,
				63DB334B2B0DC5D100432F72 /* NewsDetailViewController.swift in Sources */,
				63DB335A2B0E538200432F72 /* NewsAPIService.swift in Sources */,
				63DB33462B0DA23700432F72 /* SearchScreenViewController.swift in Sources */,
				63DB33622B0E6CC800432F72 /* APIResource.swift in Sources */,
				63DB33302B0CDB6E00432F72 /* NewsObjectModel.swift in Sources */,
				63DB33422B0D95EE00432F72 /* NewsListScreenViewController.swift in Sources */,
				63DB336F2B0FC03500432F72 /* LanguageList.swift in Sources */,
				63DB335E2B0E56BE00432F72 /* NewsCategory.swift in Sources */,
				63DB33292B0C495300432F72 /* CollectionViewCell.swift in Sources */,
				63DB33322B0CDD0800432F72 /* NetworkService.swift in Sources */,
				63DB332D2B0C643200432F72 /* NewsCategoryButtonCell.swift in Sources */,
				63DB336B2B0FBD0700432F72 /* ProfileScreenViewController.swift in Sources */,
				63DB33582B0E400B00432F72 /* AuthenticationService.swift in Sources */,
				63DB33662B0F894C00432F72 /* TabBarView.swift in Sources */,
				63DB33262B0BC3DC00432F72 /* HomeScreenViewController.swift in Sources */,
				63DB333E2B0CF38300432F72 /* NewsCardTableViewCell.swift in Sources */,
				63DB33722B105FA400432F72 /* LoadingViewCell.swift in Sources */,
				63DB33122B0BB3EE00432F72 /* AppDelegate.swift in Sources */,
				63DB33542B0DF18D00432F72 /* RegisterUserViewController.swift in Sources */,
				63DB33142B0BB3EE00432F72 /* SceneDelegate.swift in Sources */,
				63DB33522B0DF15D00432F72 /* LoginViewController.swift in Sources */,
				63DB336D2B0FBDFA00432F72 /* CountryList.swift in Sources */,
				63DB33562B0E0D0300432F72 /* UserDefaultService.swift in Sources */,
				63DB335C2B0E55D200432F72 /* QueryRequestModel.swift in Sources */,
				63DB33342B0CDE7900432F72 /* APIError.swift in Sources */,
			);
			runOnlyForDeploymentPostprocessing = 0;
		};
/* End PBXSourcesBuildPhase section */

/* Begin PBXVariantGroup section */
		63DB33172B0BB3EE00432F72 /* Main.storyboard */ = {
			isa = PBXVariantGroup;
			children = (
				63DB33182B0BB3EE00432F72 /* Base */,
			);
			name = Main.storyboard;
			sourceTree = "<group>";
		};
		63DB331C2B0BB3F000432F72 /* LaunchScreen.storyboard */ = {
			isa = PBXVariantGroup;
			children = (
				63DB331D2B0BB3F000432F72 /* Base */,
			);
			name = LaunchScreen.storyboard;
			sourceTree = "<group>";
		};
/* End PBXVariantGroup section */

/* Begin XCBuildConfiguration section */
		63DB33202B0BB3F000432F72 /* Debug */ = {
			isa = XCBuildConfiguration;
			buildSettings = {
				ALWAYS_SEARCH_USER_PATHS = NO;
				CLANG_ANALYZER_NONNULL = YES;
				CLANG_ANALYZER_NUMBER_OBJECT_CONVERSION = YES_AGGRESSIVE;
				CLANG_CXX_LANGUAGE_STANDARD = "gnu++20";
				CLANG_ENABLE_MODULES = YES;
				CLANG_ENABLE_OBJC_ARC = YES;
				CLANG_ENABLE_OBJC_WEAK = YES;
				CLANG_WARN_BLOCK_CAPTURE_AUTORELEASING = YES;
				CLANG_WARN_BOOL_CONVERSION = YES;
				CLANG_WARN_COMMA = YES;
				CLANG_WARN_CONSTANT_CONVERSION = YES;
				CLANG_WARN_DEPRECATED_OBJC_IMPLEMENTATIONS = YES;
				CLANG_WARN_DIRECT_OBJC_ISA_USAGE = YES_ERROR;
				CLANG_WARN_DOCUMENTATION_COMMENTS = YES;
				CLANG_WARN_EMPTY_BODY = YES;
				CLANG_WARN_ENUM_CONVERSION = YES;
				CLANG_WARN_INFINITE_RECURSION = YES;
				CLANG_WARN_INT_CONVERSION = YES;
				CLANG_WARN_NON_LITERAL_NULL_CONVERSION = YES;
				CLANG_WARN_OBJC_IMPLICIT_RETAIN_SELF = YES;
				CLANG_WARN_OBJC_LITERAL_CONVERSION = YES;
				CLANG_WARN_OBJC_ROOT_CLASS = YES_ERROR;
				CLANG_WARN_QUOTED_INCLUDE_IN_FRAMEWORK_HEADER = YES;
				CLANG_WARN_RANGE_LOOP_ANALYSIS = YES;
				CLANG_WARN_STRICT_PROTOTYPES = YES;
				CLANG_WARN_SUSPICIOUS_MOVE = YES;
				CLANG_WARN_UNGUARDED_AVAILABILITY = YES_AGGRESSIVE;
				CLANG_WARN_UNREACHABLE_CODE = YES;
				CLANG_WARN__DUPLICATE_METHOD_MATCH = YES;
				COPY_PHASE_STRIP = NO;
				DEBUG_INFORMATION_FORMAT = dwarf;
				ENABLE_STRICT_OBJC_MSGSEND = YES;
				ENABLE_TESTABILITY = YES;
				GCC_C_LANGUAGE_STANDARD = gnu11;
				GCC_DYNAMIC_NO_PIC = NO;
				GCC_NO_COMMON_BLOCKS = YES;
				GCC_OPTIMIZATION_LEVEL = 0;
				GCC_PREPROCESSOR_DEFINITIONS = (
					"DEBUG=1",
					"$(inherited)",
				);
				GCC_WARN_64_TO_32_BIT_CONVERSION = YES;
				GCC_WARN_ABOUT_RETURN_TYPE = YES_ERROR;
				GCC_WARN_UNDECLARED_SELECTOR = YES;
				GCC_WARN_UNINITIALIZED_AUTOS = YES_AGGRESSIVE;
				GCC_WARN_UNUSED_FUNCTION = YES;
				GCC_WARN_UNUSED_VARIABLE = YES;
				IPHONEOS_DEPLOYMENT_TARGET = 16.2;
				MTL_ENABLE_DEBUG_INFO = INCLUDE_SOURCE;
				MTL_FAST_MATH = YES;
				ONLY_ACTIVE_ARCH = YES;
				SDKROOT = iphoneos;
				SWIFT_ACTIVE_COMPILATION_CONDITIONS = DEBUG;
				SWIFT_OPTIMIZATION_LEVEL = "-Onone";
			};
			name = Debug;
		};
		63DB33212B0BB3F000432F72 /* Release */ = {
			isa = XCBuildConfiguration;
			buildSettings = {
				ALWAYS_SEARCH_USER_PATHS = NO;
				CLANG_ANALYZER_NONNULL = YES;
				CLANG_ANALYZER_NUMBER_OBJECT_CONVERSION = YES_AGGRESSIVE;
				CLANG_CXX_LANGUAGE_STANDARD = "gnu++20";
				CLANG_ENABLE_MODULES = YES;
				CLANG_ENABLE_OBJC_ARC = YES;
				CLANG_ENABLE_OBJC_WEAK = YES;
				CLANG_WARN_BLOCK_CAPTURE_AUTORELEASING = YES;
				CLANG_WARN_BOOL_CONVERSION = YES;
				CLANG_WARN_COMMA = YES;
				CLANG_WARN_CONSTANT_CONVERSION = YES;
				CLANG_WARN_DEPRECATED_OBJC_IMPLEMENTATIONS = YES;
				CLANG_WARN_DIRECT_OBJC_ISA_USAGE = YES_ERROR;
				CLANG_WARN_DOCUMENTATION_COMMENTS = YES;
				CLANG_WARN_EMPTY_BODY = YES;
				CLANG_WARN_ENUM_CONVERSION = YES;
				CLANG_WARN_INFINITE_RECURSION = YES;
				CLANG_WARN_INT_CONVERSION = YES;
				CLANG_WARN_NON_LITERAL_NULL_CONVERSION = YES;
				CLANG_WARN_OBJC_IMPLICIT_RETAIN_SELF = YES;
				CLANG_WARN_OBJC_LITERAL_CONVERSION = YES;
				CLANG_WARN_OBJC_ROOT_CLASS = YES_ERROR;
				CLANG_WARN_QUOTED_INCLUDE_IN_FRAMEWORK_HEADER = YES;
				CLANG_WARN_RANGE_LOOP_ANALYSIS = YES;
				CLANG_WARN_STRICT_PROTOTYPES = YES;
				CLANG_WARN_SUSPICIOUS_MOVE = YES;
				CLANG_WARN_UNGUARDED_AVAILABILITY = YES_AGGRESSIVE;
				CLANG_WARN_UNREACHABLE_CODE = YES;
				CLANG_WARN__DUPLICATE_METHOD_MATCH = YES;
				COPY_PHASE_STRIP = NO;
				DEBUG_INFORMATION_FORMAT = "dwarf-with-dsym";
				ENABLE_NS_ASSERTIONS = NO;
				ENABLE_STRICT_OBJC_MSGSEND = YES;
				GCC_C_LANGUAGE_STANDARD = gnu11;
				GCC_NO_COMMON_BLOCKS = YES;
				GCC_WARN_64_TO_32_BIT_CONVERSION = YES;
				GCC_WARN_ABOUT_RETURN_TYPE = YES_ERROR;
				GCC_WARN_UNDECLARED_SELECTOR = YES;
				GCC_WARN_UNINITIALIZED_AUTOS = YES_AGGRESSIVE;
				GCC_WARN_UNUSED_FUNCTION = YES;
				GCC_WARN_UNUSED_VARIABLE = YES;
				IPHONEOS_DEPLOYMENT_TARGET = 16.2;
				MTL_ENABLE_DEBUG_INFO = NO;
				MTL_FAST_MATH = YES;
				SDKROOT = iphoneos;
				SWIFT_COMPILATION_MODE = wholemodule;
				SWIFT_OPTIMIZATION_LEVEL = "-O";
				VALIDATE_PRODUCT = YES;
			};
			name = Release;
		};
		63DB33232B0BB3F000432F72 /* Debug */ = {
			isa = XCBuildConfiguration;
			buildSettings = {
				ASSETCATALOG_COMPILER_APPICON_NAME = AppIcon;
				ASSETCATALOG_COMPILER_GLOBAL_ACCENT_COLOR_NAME = AccentColor;
				CODE_SIGN_STYLE = Automatic;
				CURRENT_PROJECT_VERSION = 1;
				GENERATE_INFOPLIST_FILE = YES;
				INFOPLIST_FILE = "Caploitte-iOS-assignment/Info.plist";
				INFOPLIST_KEY_UIApplicationSupportsIndirectInputEvents = YES;
				INFOPLIST_KEY_UILaunchStoryboardName = LaunchScreen;
				INFOPLIST_KEY_UIMainStoryboardFile = Main;
				INFOPLIST_KEY_UISupportedInterfaceOrientations_iPad = "UIInterfaceOrientationPortrait UIInterfaceOrientationPortraitUpsideDown UIInterfaceOrientationLandscapeLeft UIInterfaceOrientationLandscapeRight";
				INFOPLIST_KEY_UISupportedInterfaceOrientations_iPhone = "UIInterfaceOrientationPortrait UIInterfaceOrientationLandscapeLeft UIInterfaceOrientationLandscapeRight";
				LD_RUNPATH_SEARCH_PATHS = (
					"$(inherited)",
					"@executable_path/Frameworks",
				);
				MARKETING_VERSION = 1.0;
				PRODUCT_BUNDLE_IDENTIFIER = "com.sample.Caploitte-iOS-assignment";
				PRODUCT_NAME = "$(TARGET_NAME)";
				SWIFT_EMIT_LOC_STRINGS = YES;
				SWIFT_VERSION = 5.0;
				TARGETED_DEVICE_FAMILY = "1,2";
			};
			name = Debug;
		};
		63DB33242B0BB3F000432F72 /* Release */ = {
			isa = XCBuildConfiguration;
			buildSettings = {
				ASSETCATALOG_COMPILER_APPICON_NAME = AppIcon;
				ASSETCATALOG_COMPILER_GLOBAL_ACCENT_COLOR_NAME = AccentColor;
				CODE_SIGN_STYLE = Automatic;
				CURRENT_PROJECT_VERSION = 1;
				GENERATE_INFOPLIST_FILE = YES;
				INFOPLIST_FILE = "Caploitte-iOS-assignment/Info.plist";
				INFOPLIST_KEY_UIApplicationSupportsIndirectInputEvents = YES;
				INFOPLIST_KEY_UILaunchStoryboardName = LaunchScreen;
				INFOPLIST_KEY_UIMainStoryboardFile = Main;
				INFOPLIST_KEY_UISupportedInterfaceOrientations_iPad = "UIInterfaceOrientationPortrait UIInterfaceOrientationPortraitUpsideDown UIInterfaceOrientationLandscapeLeft UIInterfaceOrientationLandscapeRight";
				INFOPLIST_KEY_UISupportedInterfaceOrientations_iPhone = "UIInterfaceOrientationPortrait UIInterfaceOrientationLandscapeLeft UIInterfaceOrientationLandscapeRight";
				LD_RUNPATH_SEARCH_PATHS = (
					"$(inherited)",
					"@executable_path/Frameworks",
				);
				MARKETING_VERSION = 1.0;
				PRODUCT_BUNDLE_IDENTIFIER = "com.sample.Caploitte-iOS-assignment";
				PRODUCT_NAME = "$(TARGET_NAME)";
				SWIFT_EMIT_LOC_STRINGS = YES;
				SWIFT_VERSION = 5.0;
				TARGETED_DEVICE_FAMILY = "1,2";
			};
			name = Release;
		};
/* End XCBuildConfiguration section */

/* Begin XCConfigurationList section */
		63DB33092B0BB3EE00432F72 /* Build configuration list for PBXProject "Caploitte-iOS-assignment" */ = {
			isa = XCConfigurationList;
			buildConfigurations = (
				63DB33202B0BB3F000432F72 /* Debug */,
				63DB33212B0BB3F000432F72 /* Release */,
			);
			defaultConfigurationIsVisible = 0;
			defaultConfigurationName = Release;
		};
		63DB33222B0BB3F000432F72 /* Build configuration list for PBXNativeTarget "Caploitte-iOS-assignment" */ = {
			isa = XCConfigurationList;
			buildConfigurations = (
				63DB33232B0BB3F000432F72 /* Debug */,
				63DB33242B0BB3F000432F72 /* Release */,
			);
			defaultConfigurationIsVisible = 0;
			defaultConfigurationName = Release;
		};
/* End XCConfigurationList section */
	};
	rootObject = 63DB33062B0BB3EE00432F72 /* Project object */;
}
